
Microsoft Visual Studio Solution File, Format Version 12.00
# Visual Studio Version 16
VisualStudioVersion = 16.0.29806.167
MinimumVisualStudioVersion = 10.0.40219.1
Project("{FAE04EC0-301F-11D3-BF4B-00C04F79EFBC}") = "LinearNetwork", "LinearNetwork\LinearNetwork.csproj", "{E91392BC-81CA-4403-BF71-6FAD053D5938}"
EndProject
Global
	GlobalSection(SolutionConfigurationPlatforms) = preSolution
		Debug|Any CPU = Debug|Any CPU
		Release|Any CPU = Release|Any CPU
	EndGlobalSection
	GlobalSection(ProjectConfigurationPlatforms) = postSolution
		{E91392BC-81CA-4403-BF71-6FAD053D5938}.Debug|Any CPU.ActiveCfg = Debug|Any CPU
		{E91392BC-81CA-4403-BF71-6FAD053D5938}.Debug|Any CPU.Build.0 = Debug|Any CPU
		{E91392BC-81CA-4403-BF71-6FAD053D5938}.Release|Any CPU.ActiveCfg = Release|Any CPU
		{E91392BC-81CA-4403-BF71-6FAD053D5938}.Release|Any CPU.Build.0 = Release|Any CPU
	EndGlobalSection
	GlobalSection(SolutionProperties) = preSolution
		HideSolutionNode = FALSE
	EndGlobalSection
	GlobalSection(ExtensibilityGlobals) = postSolution
		SolutionGuid = {79FCE4F6-F834-4835-96A0-48447B64E28D}
	EndGlobalSection
EndGlobal
